
Microsoft Visual Studio Solution File, Format Version 12.00
# Visual Studio 15
VisualStudioVersion = 15.0.28307.329
MinimumVisualStudioVersion = 10.0.40219.1
Project("{FAE04EC0-301F-11D3-BF4B-00C04F79EFBC}") = "Using and dispose", "Using and dispose\Using and dispose.csproj", "{480D01F8-7725-4A0A-9757-80ECAB024A01}"
EndProject
Global
	GlobalSection(SolutionConfigurationPlatforms) = preSolution
		Debug|Any CPU = Debug|Any CPU
		Release|Any CPU = Release|Any CPU
	EndGlobalSection
	GlobalSection(ProjectConfigurationPlatforms) = postSolution
		{480D01F8-7725-4A0A-9757-80ECAB024A01}.Debug|Any CPU.ActiveCfg = Debug|Any CPU
		{480D01F8-7725-4A0A-9757-80ECAB024A01}.Debug|Any CPU.Build.0 = Debug|Any CPU
		{480D01F8-7725-4A0A-9757-80ECAB024A01}.Release|Any CPU.ActiveCfg = Release|Any CPU
		{480D01F8-7725-4A0A-9757-80ECAB024A01}.Release|Any CPU.Build.0 = Release|Any CPU
	EndGlobalSection
	GlobalSection(SolutionProperties) = preSolution
		HideSolutionNode = FALSE
	EndGlobalSection
	GlobalSection(ExtensibilityGlobals) = postSolution
		SolutionGuid = {A51BAFE7-1AFB-4B7C-91D0-AEEF21B3BA89}
	EndGlobalSection
EndGlobal
